
Microsoft Visual Studio Solution File, Format Version 12.00
# Visual Studio Version 17
VisualStudioVersion = 17.9.34728.123
MinimumVisualStudioVersion = 10.0.40219.1
Project("{FAE04EC0-301F-11D3-BF4B-00C04F79EFBC}") = "Task1,2,3", "Task1,2,3\Task1,2,3.csproj", "{997A05A7-566E-4088-A329-E149B22D8C53}"
EndProject
Project("{FAE04EC0-301F-11D3-BF4B-00C04F79EFBC}") = "Task4,5", "Task4,5\Task4,5.csproj", "{32429FC4-C1BD-4233-8BF4-861223AA071F}"
EndProject
Global
	GlobalSection(SolutionConfigurationPlatforms) = preSolution
		Debug|Any CPU = Debug|Any CPU
		Release|Any CPU = Release|Any CPU
	EndGlobalSection
	GlobalSection(ProjectConfigurationPlatforms) = postSolution
		{997A05A7-566E-4088-A329-E149B22D8C53}.Debug|Any CPU.ActiveCfg = Debug|Any CPU
		{997A05A7-566E-4088-A329-E149B22D8C53}.Debug|Any CPU.Build.0 = Debug|Any CPU
		{997A05A7-566E-4088-A329-E149B22D8C53}.Release|Any CPU.ActiveCfg = Release|Any CPU
		{997A05A7-566E-4088-A329-E149B22D8C53}.Release|Any CPU.Build.0 = Release|Any CPU
		{32429FC4-C1BD-4233-8BF4-861223AA071F}.Debug|Any CPU.ActiveCfg = Debug|Any CPU
		{32429FC4-C1BD-4233-8BF4-861223AA071F}.Debug|Any CPU.Build.0 = Debug|Any CPU
		{32429FC4-C1BD-4233-8BF4-861223AA071F}.Release|Any CPU.ActiveCfg = Release|Any CPU
		{32429FC4-C1BD-4233-8BF4-861223AA071F}.Release|Any CPU.Build.0 = Release|Any CPU
	EndGlobalSection
	GlobalSection(SolutionProperties) = preSolution
		HideSolutionNode = FALSE
	EndGlobalSection
	GlobalSection(ExtensibilityGlobals) = postSolution
		SolutionGuid = {F06C1358-ABB5-4871-B532-C73EDF00F211}
	EndGlobalSection
EndGlobal
